<?xml version="1.0" encoding="utf-8"?>
<Project ToolsVersion="4.0" xmlns="http://schemas.microsoft.com/developer/msbuild/2003">
  <ItemGroup>
    <Filter Include="Quelldateien">
      <UniqueIdentifier>{4FC737F1-C7A5-4376-A066-2A32D752A2FF}</UniqueIdentifier>
      <Extensions>cpp;c;cc;cxx;c++;cppm;ixx;def;odl;idl;hpj;bat;asm;asmx</Extensions>
    </Filter>
    <Filter Include="Headerdateien">
      <UniqueIdentifier>{93995380-89BD-4b04-88EB-625FBE52EBFB}</UniqueIdentifier>
      <Extensions>h;hh;hpp;hxx;h++;hm;inl;inc;ipp;xsd</Extensions>
    </Filter>
    <Filter Include="Ressourcendateien">
      <UniqueIdentifier>{67DA6AB6-F800-4c08-8B7A-83BB121AAD01}</UniqueIdentifier>
      <Extensions>rc;ico;cur;bmp;dlg;rc2;rct;bin;rgs;gif;jpg;jpeg;jpe;resx;tiff;tif;png;wav;mfcribbon-ms</Extensions>
    </Filter>
    <Filter Include="Quelldateien\Shaders">
      <UniqueIdentifier>{3f3df9d1-f2ce-4d23-8735-9bd6c5113238}</UniqueIdentifier>
    </Filter>
    <Filter Include="Quelldateien\App">
      <UniqueIdentifier>{d4cbca2e-7558-42bd-9d58-689f97561b98}</UniqueIdentifier>
    </Filter>
    <Filter Include="Quelldateien\App\Buffer">
      <UniqueIdentifier>{63df2502-e286-4753-8907-155b9dc6e2ff}</UniqueIdentifier>
    </Filter>
    <Filter Include="Quelldateien\App\VertexDef">
      <UniqueIdentifier>{a6488514-0597-490b-90a9-b3925a0da91a}</UniqueIdentifier>
    </Filter>
  </ItemGroup>
  <ItemGroup>
    <ClCompile Include="Main.cpp">
      <Filter>Quelldateien</Filter>
    </ClCompile>
    <ClCompile Include="InitClass.cpp">
      <Filter>Quelldateien\App</Filter>
    </ClCompile>
    <ClCompile Include="Buffers.cpp">
      <Filter>Quelldateien\App\Buffer</Filter>
    </ClCompile>
  </ItemGroup>
  <ItemGroup>
    <None Include="Shaders\compile_shaders.ps1">
      <Filter>Quelldateien\Shaders</Filter>
    </None>
    <None Include="Shaders\frag.spv">
      <Filter>Quelldateien\Shaders</Filter>
    </None>
    <None Include="Shaders\vert.spv">
      <Filter>Quelldateien\Shaders</Filter>
    </None>
  </ItemGroup>
  <ItemGroup>
    <FxCompile Include="Shaders\shader.vert">
      <Filter>Quelldateien\Shaders</Filter>
    </FxCompile>
    <FxCompile Include="Shaders\shader.frag">
      <Filter>Quelldateien\Shaders</Filter>
    </FxCompile>
  </ItemGroup>
  <ItemGroup>
    <ClInclude Include="InitClass.h">
      <Filter>Headerdateien</Filter>
    </ClInclude>
    <ClInclude Include="Buffers.h">
      <Filter>Headerdateien</Filter>
    </ClInclude>
    <ClInclude Include="VertexDef.h">
      <Filter>Quelldateien\App\VertexDef</Filter>
    </ClInclude>
  </ItemGroup>
</Project>